
Microsoft Visual Studio Solution File, Format Version 12.00
# Visual Studio Version 16
VisualStudioVersion = 16.0.31829.152
MinimumVisualStudioVersion = 10.0.40219.1
Project("{FAE04EC0-301F-11D3-BF4B-00C04F79EFBC}") = "OSP_project02.Android", "OSP_project02\OSP_project02.Android\OSP_project02.Android.csproj", "{3A522960-1BF3-4DAB-808D-679E46429E86}"
EndProject
Project("{9A19103F-16F7-4668-BE54-9A1E7A4F7556}") = "OSP_project02", "OSP_project02\OSP_project02\OSP_project02.csproj", "{8237AFB3-2FFB-42D4-9C0E-63367DBBA78D}"
EndProject
Global
	GlobalSection(SolutionConfigurationPlatforms) = preSolution
		Debug|Any CPU = Debug|Any CPU
		Release|Any CPU = Release|Any CPU
	EndGlobalSection
	GlobalSection(ProjectConfigurationPlatforms) = postSolution
		{3A522960-1BF3-4DAB-808D-679E46429E86}.Debug|Any CPU.ActiveCfg = Debug|Any CPU
		{3A522960-1BF3-4DAB-808D-679E46429E86}.Debug|Any CPU.Build.0 = Debug|Any CPU
		{3A522960-1BF3-4DAB-808D-679E46429E86}.Debug|Any CPU.Deploy.0 = Debug|Any CPU
		{3A522960-1BF3-4DAB-808D-679E46429E86}.Release|Any CPU.ActiveCfg = Release|Any CPU
		{3A522960-1BF3-4DAB-808D-679E46429E86}.Release|Any CPU.Build.0 = Release|Any CPU
		{3A522960-1BF3-4DAB-808D-679E46429E86}.Release|Any CPU.Deploy.0 = Release|Any CPU
		{8237AFB3-2FFB-42D4-9C0E-63367DBBA78D}.Debug|Any CPU.ActiveCfg = Debug|Any CPU
		{8237AFB3-2FFB-42D4-9C0E-63367DBBA78D}.Debug|Any CPU.Build.0 = Debug|Any CPU
		{8237AFB3-2FFB-42D4-9C0E-63367DBBA78D}.Debug|Any CPU.Deploy.0 = Debug|Any CPU
		{8237AFB3-2FFB-42D4-9C0E-63367DBBA78D}.Release|Any CPU.ActiveCfg = Release|Any CPU
		{8237AFB3-2FFB-42D4-9C0E-63367DBBA78D}.Release|Any CPU.Build.0 = Release|Any CPU
		{8237AFB3-2FFB-42D4-9C0E-63367DBBA78D}.Release|Any CPU.Deploy.0 = Release|Any CPU
	EndGlobalSection
	GlobalSection(SolutionProperties) = preSolution
		HideSolutionNode = FALSE
	EndGlobalSection
	GlobalSection(ExtensibilityGlobals) = postSolution
		SolutionGuid = {976DEEE2-6172-4C33-80C9-7D42BE9C2DEB}
	EndGlobalSection
EndGlobal
